
Microsoft Visual Studio Solution File, Format Version 12.00
# Visual Studio 15
VisualStudioVersion = 15.0.28307.271
MinimumVisualStudioVersion = 10.0.40219.1
Project("{FAE04EC0-301F-11D3-BF4B-00C04F79EFBC}") = "POO_ClaseObjetoInstancia", "POO_ClaseObjetoInstancia\POO_ClaseObjetoInstancia.csproj", "{3CC43948-CC96-460F-A440-4E38A9239843}"
EndProject
Global
	GlobalSection(SolutionConfigurationPlatforms) = preSolution
		Debug|Any CPU = Debug|Any CPU
		Release|Any CPU = Release|Any CPU
	EndGlobalSection
	GlobalSection(ProjectConfigurationPlatforms) = postSolution
		{3CC43948-CC96-460F-A440-4E38A9239843}.Debug|Any CPU.ActiveCfg = Debug|Any CPU
		{3CC43948-CC96-460F-A440-4E38A9239843}.Debug|Any CPU.Build.0 = Debug|Any CPU
		{3CC43948-CC96-460F-A440-4E38A9239843}.Release|Any CPU.ActiveCfg = Release|Any CPU
		{3CC43948-CC96-460F-A440-4E38A9239843}.Release|Any CPU.Build.0 = Release|Any CPU
	EndGlobalSection
	GlobalSection(SolutionProperties) = preSolution
		HideSolutionNode = FALSE
	EndGlobalSection
	GlobalSection(ExtensibilityGlobals) = postSolution
		SolutionGuid = {6375BEBD-104C-46AA-B4CB-3945A0B2D0DC}
	EndGlobalSection
EndGlobal
