
Microsoft Visual Studio Solution File, Format Version 12.00
# Visual Studio 15
VisualStudioVersion = 15.0.27703.2047
MinimumVisualStudioVersion = 10.0.40219.1
Project("{FAE04EC0-301F-11D3-BF4B-00C04F79EFBC}") = "EntidadesLast", "EntidadesLast\EntidadesLast.csproj", "{F56DB621-4468-4A59-8A99-F6BE0AB9345F}"
EndProject
Project("{FAE04EC0-301F-11D3-BF4B-00C04F79EFBC}") = "VistaConsola", "VistaConsola\VistaConsola.csproj", "{F3840185-DF79-4260-A9AF-C14D43291AE4}"
EndProject
Project("{FAE04EC0-301F-11D3-BF4B-00C04F79EFBC}") = "Frm", "Frm\Frm.csproj", "{56F2725B-B746-4C3B-BAC4-9D5B1359DB90}"
EndProject
Global
	GlobalSection(SolutionConfigurationPlatforms) = preSolution
		Debug|Any CPU = Debug|Any CPU
		Release|Any CPU = Release|Any CPU
	EndGlobalSection
	GlobalSection(ProjectConfigurationPlatforms) = postSolution
		{F56DB621-4468-4A59-8A99-F6BE0AB9345F}.Debug|Any CPU.ActiveCfg = Debug|Any CPU
		{F56DB621-4468-4A59-8A99-F6BE0AB9345F}.Debug|Any CPU.Build.0 = Debug|Any CPU
		{F56DB621-4468-4A59-8A99-F6BE0AB9345F}.Release|Any CPU.ActiveCfg = Release|Any CPU
		{F56DB621-4468-4A59-8A99-F6BE0AB9345F}.Release|Any CPU.Build.0 = Release|Any CPU
		{F3840185-DF79-4260-A9AF-C14D43291AE4}.Debug|Any CPU.ActiveCfg = Debug|Any CPU
		{F3840185-DF79-4260-A9AF-C14D43291AE4}.Debug|Any CPU.Build.0 = Debug|Any CPU
		{F3840185-DF79-4260-A9AF-C14D43291AE4}.Release|Any CPU.ActiveCfg = Release|Any CPU
		{F3840185-DF79-4260-A9AF-C14D43291AE4}.Release|Any CPU.Build.0 = Release|Any CPU
		{56F2725B-B746-4C3B-BAC4-9D5B1359DB90}.Debug|Any CPU.ActiveCfg = Debug|Any CPU
		{56F2725B-B746-4C3B-BAC4-9D5B1359DB90}.Debug|Any CPU.Build.0 = Debug|Any CPU
		{56F2725B-B746-4C3B-BAC4-9D5B1359DB90}.Release|Any CPU.ActiveCfg = Release|Any CPU
		{56F2725B-B746-4C3B-BAC4-9D5B1359DB90}.Release|Any CPU.Build.0 = Release|Any CPU
	EndGlobalSection
	GlobalSection(SolutionProperties) = preSolution
		HideSolutionNode = FALSE
	EndGlobalSection
	GlobalSection(ExtensibilityGlobals) = postSolution
		SolutionGuid = {FE727776-64D8-4E3A-8A84-373212B011B4}
	EndGlobalSection
EndGlobal
