
Microsoft Visual Studio Solution File, Format Version 12.00
# Visual Studio 15
VisualStudioVersion = 15.0.28307.271
MinimumVisualStudioVersion = 10.0.40219.1
Project("{FAE04EC0-301F-11D3-BF4B-00C04F79EFBC}") = "Repaso_05", "Repaso_05\Repaso_05.csproj", "{2720F0FD-64A7-4D6A-A605-16794403867A}"
EndProject
Global
	GlobalSection(SolutionConfigurationPlatforms) = preSolution
		Debug|Any CPU = Debug|Any CPU
		Release|Any CPU = Release|Any CPU
	EndGlobalSection
	GlobalSection(ProjectConfigurationPlatforms) = postSolution
		{2720F0FD-64A7-4D6A-A605-16794403867A}.Debug|Any CPU.ActiveCfg = Debug|Any CPU
		{2720F0FD-64A7-4D6A-A605-16794403867A}.Debug|Any CPU.Build.0 = Debug|Any CPU
		{2720F0FD-64A7-4D6A-A605-16794403867A}.Release|Any CPU.ActiveCfg = Release|Any CPU
		{2720F0FD-64A7-4D6A-A605-16794403867A}.Release|Any CPU.Build.0 = Release|Any CPU
	EndGlobalSection
	GlobalSection(SolutionProperties) = preSolution
		HideSolutionNode = FALSE
	EndGlobalSection
	GlobalSection(ExtensibilityGlobals) = postSolution
		SolutionGuid = {BDBCBB0C-64CD-47FE-9E40-F439D3D7890A}
	EndGlobalSection
EndGlobal
