
Microsoft Visual Studio Solution File, Format Version 12.00
# Visual Studio 15
VisualStudioVersion = 15.0.28307.271
MinimumVisualStudioVersion = 10.0.40219.1
Project("{FAE04EC0-301F-11D3-BF4B-00C04F79EFBC}") = "TestVehiculo", "TestVehiculo\TestVehiculo.csproj", "{D0557793-F676-43E9-9396-328CEBCCF046}"
EndProject
Global
	GlobalSection(SolutionConfigurationPlatforms) = preSolution
		Debug|Any CPU = Debug|Any CPU
		Release|Any CPU = Release|Any CPU
	EndGlobalSection
	GlobalSection(ProjectConfigurationPlatforms) = postSolution
		{D0557793-F676-43E9-9396-328CEBCCF046}.Debug|Any CPU.ActiveCfg = Debug|Any CPU
		{D0557793-F676-43E9-9396-328CEBCCF046}.Debug|Any CPU.Build.0 = Debug|Any CPU
		{D0557793-F676-43E9-9396-328CEBCCF046}.Release|Any CPU.ActiveCfg = Release|Any CPU
		{D0557793-F676-43E9-9396-328CEBCCF046}.Release|Any CPU.Build.0 = Release|Any CPU
	EndGlobalSection
	GlobalSection(SolutionProperties) = preSolution
		HideSolutionNode = FALSE
	EndGlobalSection
	GlobalSection(ExtensibilityGlobals) = postSolution
		SolutionGuid = {F77C9B02-EE66-4EDA-ACF5-B642BD546A08}
	EndGlobalSection
EndGlobal
