
Microsoft Visual Studio Solution File, Format Version 12.00
# Visual Studio 15
VisualStudioVersion = 15.0.28307.271
MinimumVisualStudioVersion = 10.0.40219.1
Project("{9A19103F-16F7-4668-BE54-9A1E7A4F7556}") = "Entidades", "Entidades\Entidades.csproj", "{6810373F-22E8-4192-BF8E-A8D7B9048A21}"
EndProject
Project("{FAE04EC0-301F-11D3-BF4B-00C04F79EFBC}") = "VistaConsola", "VistaConsola\VistaConsola.csproj", "{DAC85715-6C60-400C-B0EC-8A8286F7D2C3}"
EndProject
Global
	GlobalSection(SolutionConfigurationPlatforms) = preSolution
		Debug|Any CPU = Debug|Any CPU
		Release|Any CPU = Release|Any CPU
	EndGlobalSection
	GlobalSection(ProjectConfigurationPlatforms) = postSolution
		{6810373F-22E8-4192-BF8E-A8D7B9048A21}.Debug|Any CPU.ActiveCfg = Debug|Any CPU
		{6810373F-22E8-4192-BF8E-A8D7B9048A21}.Debug|Any CPU.Build.0 = Debug|Any CPU
		{6810373F-22E8-4192-BF8E-A8D7B9048A21}.Release|Any CPU.ActiveCfg = Release|Any CPU
		{6810373F-22E8-4192-BF8E-A8D7B9048A21}.Release|Any CPU.Build.0 = Release|Any CPU
		{DAC85715-6C60-400C-B0EC-8A8286F7D2C3}.Debug|Any CPU.ActiveCfg = Debug|Any CPU
		{DAC85715-6C60-400C-B0EC-8A8286F7D2C3}.Debug|Any CPU.Build.0 = Debug|Any CPU
		{DAC85715-6C60-400C-B0EC-8A8286F7D2C3}.Release|Any CPU.ActiveCfg = Release|Any CPU
		{DAC85715-6C60-400C-B0EC-8A8286F7D2C3}.Release|Any CPU.Build.0 = Release|Any CPU
	EndGlobalSection
	GlobalSection(SolutionProperties) = preSolution
		HideSolutionNode = FALSE
	EndGlobalSection
	GlobalSection(ExtensibilityGlobals) = postSolution
		SolutionGuid = {DC411575-BB85-452A-8719-BB78E98C666C}
	EndGlobalSection
EndGlobal
