
Microsoft Visual Studio Solution File, Format Version 12.00
# Visual Studio 15
VisualStudioVersion = 15.0.27703.2047
MinimumVisualStudioVersion = 10.0.40219.1
Project("{FAE04EC0-301F-11D3-BF4B-00C04F79EFBC}") = "ClassLibrary", "ClassLibrary\ClassLibrary.csproj", "{7CAC60AA-BD9D-4226-9773-A6574C4EA0A2}"
EndProject
Project("{FAE04EC0-301F-11D3-BF4B-00C04F79EFBC}") = "VistaConsola", "VistaConsola\VistaConsola.csproj", "{ECC6802E-A0A9-48E2-B5C2-18A7224868ED}"
EndProject
Global
	GlobalSection(SolutionConfigurationPlatforms) = preSolution
		Debug|Any CPU = Debug|Any CPU
		Release|Any CPU = Release|Any CPU
	EndGlobalSection
	GlobalSection(ProjectConfigurationPlatforms) = postSolution
		{7CAC60AA-BD9D-4226-9773-A6574C4EA0A2}.Debug|Any CPU.ActiveCfg = Debug|Any CPU
		{7CAC60AA-BD9D-4226-9773-A6574C4EA0A2}.Debug|Any CPU.Build.0 = Debug|Any CPU
		{7CAC60AA-BD9D-4226-9773-A6574C4EA0A2}.Release|Any CPU.ActiveCfg = Release|Any CPU
		{7CAC60AA-BD9D-4226-9773-A6574C4EA0A2}.Release|Any CPU.Build.0 = Release|Any CPU
		{ECC6802E-A0A9-48E2-B5C2-18A7224868ED}.Debug|Any CPU.ActiveCfg = Debug|Any CPU
		{ECC6802E-A0A9-48E2-B5C2-18A7224868ED}.Debug|Any CPU.Build.0 = Debug|Any CPU
		{ECC6802E-A0A9-48E2-B5C2-18A7224868ED}.Release|Any CPU.ActiveCfg = Release|Any CPU
		{ECC6802E-A0A9-48E2-B5C2-18A7224868ED}.Release|Any CPU.Build.0 = Release|Any CPU
	EndGlobalSection
	GlobalSection(SolutionProperties) = preSolution
		HideSolutionNode = FALSE
	EndGlobalSection
	GlobalSection(ExtensibilityGlobals) = postSolution
		SolutionGuid = {9C8651C5-B65D-4992-ACC0-D9F63038C108}
	EndGlobalSection
EndGlobal
