
Microsoft Visual Studio Solution File, Format Version 12.00
# Visual Studio 2012
Project("{FAE04EC0-301F-11D3-BF4B-00C04F79EFBC}") = "Doval.Gaston.2A.SegundoParcial", "Doval.Gaston.2A.SegundoParcial\Doval.Gaston.2A.SegundoParcial.csproj", "{6DA1E555-BC6B-4A18-B762-04AFBD914252}"
EndProject
Project("{FAE04EC0-301F-11D3-BF4B-00C04F79EFBC}") = "Entidades", "Entidades\Entidades.csproj", "{E79DE1ED-E824-4E02-92B4-7D30E6762DF7}"
EndProject
Global
	GlobalSection(SolutionConfigurationPlatforms) = preSolution
		Debug|Any CPU = Debug|Any CPU
		Release|Any CPU = Release|Any CPU
	EndGlobalSection
	GlobalSection(ProjectConfigurationPlatforms) = postSolution
		{6DA1E555-BC6B-4A18-B762-04AFBD914252}.Debug|Any CPU.ActiveCfg = Debug|Any CPU
		{6DA1E555-BC6B-4A18-B762-04AFBD914252}.Debug|Any CPU.Build.0 = Debug|Any CPU
		{6DA1E555-BC6B-4A18-B762-04AFBD914252}.Release|Any CPU.ActiveCfg = Release|Any CPU
		{6DA1E555-BC6B-4A18-B762-04AFBD914252}.Release|Any CPU.Build.0 = Release|Any CPU
		{E79DE1ED-E824-4E02-92B4-7D30E6762DF7}.Debug|Any CPU.ActiveCfg = Debug|Any CPU
		{E79DE1ED-E824-4E02-92B4-7D30E6762DF7}.Debug|Any CPU.Build.0 = Debug|Any CPU
		{E79DE1ED-E824-4E02-92B4-7D30E6762DF7}.Release|Any CPU.ActiveCfg = Release|Any CPU
		{E79DE1ED-E824-4E02-92B4-7D30E6762DF7}.Release|Any CPU.Build.0 = Release|Any CPU
	EndGlobalSection
	GlobalSection(SolutionProperties) = preSolution
		HideSolutionNode = FALSE
	EndGlobalSection
EndGlobal
